
Microsoft Visual Studio Solution File, Format Version 12.00
# Visual Studio Version 17
VisualStudioVersion = 17.8.34525.116
MinimumVisualStudioVersion = 10.0.40219.1
Project("{9A19103F-16F7-4668-BE54-9A1E7A4F7556}") = "Katena", "Katena\Katena.csproj", "{B132946D-C550-4F32-B2F0-7A01E0A40AA6}"
EndProject
Global
	GlobalSection(SolutionConfigurationPlatforms) = preSolution
		Debug|Any CPU = Debug|Any CPU
		Release|Any CPU = Release|Any CPU
	EndGlobalSection
	GlobalSection(ProjectConfigurationPlatforms) = postSolution
		{B132946D-C550-4F32-B2F0-7A01E0A40AA6}.Debug|Any CPU.ActiveCfg = Debug|Any CPU
		{B132946D-C550-4F32-B2F0-7A01E0A40AA6}.Debug|Any CPU.Build.0 = Debug|Any CPU
		{B132946D-C550-4F32-B2F0-7A01E0A40AA6}.Release|Any CPU.ActiveCfg = Release|Any CPU
		{B132946D-C550-4F32-B2F0-7A01E0A40AA6}.Release|Any CPU.Build.0 = Release|Any CPU
	EndGlobalSection
	GlobalSection(SolutionProperties) = preSolution
		HideSolutionNode = FALSE
	EndGlobalSection
	GlobalSection(ExtensibilityGlobals) = postSolution
		SolutionGuid = {F58BFD04-A8D6-4837-BD3B-CBB22382DF28}
	EndGlobalSection
EndGlobal
